
Microsoft Visual Studio Solution File, Format Version 12.00
# Visual Studio 15
VisualStudioVersion = 15.0.27428.2011
MinimumVisualStudioVersion = 10.0.40219.1
Project("{FAE04EC0-301F-11D3-BF4B-00C04F79EFBC}") = "WebClient", "Client\WebClient.csproj", "{146CF498-8106-474E-A561-D0A7BD91E6E0}"
EndProject
Global
	GlobalSection(SolutionConfigurationPlatforms) = preSolution
		Debug|Any CPU = Debug|Any CPU
		Release|Any CPU = Release|Any CPU
	EndGlobalSection
	GlobalSection(ProjectConfigurationPlatforms) = postSolution
		{146CF498-8106-474E-A561-D0A7BD91E6E0}.Debug|Any CPU.ActiveCfg = Debug|Any CPU
		{146CF498-8106-474E-A561-D0A7BD91E6E0}.Debug|Any CPU.Build.0 = Debug|Any CPU
		{146CF498-8106-474E-A561-D0A7BD91E6E0}.Release|Any CPU.ActiveCfg = Release|Any CPU
		{146CF498-8106-474E-A561-D0A7BD91E6E0}.Release|Any CPU.Build.0 = Release|Any CPU
	EndGlobalSection
	GlobalSection(SolutionProperties) = preSolution
		HideSolutionNode = FALSE
	EndGlobalSection
	GlobalSection(ExtensibilityGlobals) = postSolution
		SolutionGuid = {A1ADFA20-46E3-428C-ACBB-19D018B2E867}
	EndGlobalSection
EndGlobal
